{
    "_meta": {
        "hash": {
            "sha256": "fcf36637a83d83ad08b39f7a59d292be9bcaebb0e3e03fc1537cc106dadbd7fa"
        },
        "pipfile-spec": 6,
        "requires": {
            "python_version": "3.6"
        },
        "sources": [
            {
                "name": "pypi",
                "url": "https://pypi.org/simple",
                "verify_ssl": true
            }
        ]
    },
    "default": {
        "tinydb": {
            "hashes": [
                "sha256:88793016ba94267e3606372e1564d4e797eae855acd5a48352011bfdcf8ee7ad",
                "sha256:ac9370ca9f0f93fb868e8a35b62685f4a0f50c0b6a851eacaa72a509ba4eeffc"
            ],
            "index": "pypi",
            "version": "==3.9.0.post1"
        }
    },
    "develop": {}
}
